
Microsoft Visual Studio Solution File, Format Version 10.00
# Visual Studio 2008
Project("{FAE04EC0-301F-11D3-BF4B-00C04F79EFBC}") = "EvalTeste", "EvalTeste\EvalTeste.csproj", "{B7C63AFF-5907-4329-9E01-3A20DBFCFF34}"
EndProject
Global
	GlobalSection(SolutionConfigurationPlatforms) = preSolution
		Debug|Any CPU = Debug|Any CPU
		Release|Any CPU = Release|Any CPU
	EndGlobalSection
	GlobalSection(ProjectConfigurationPlatforms) = postSolution
		{B7C63AFF-5907-4329-9E01-3A20DBFCFF34}.Debug|Any CPU.ActiveCfg = Debug|Any CPU
		{B7C63AFF-5907-4329-9E01-3A20DBFCFF34}.Debug|Any CPU.Build.0 = Debug|Any CPU
		{B7C63AFF-5907-4329-9E01-3A20DBFCFF34}.Release|Any CPU.ActiveCfg = Release|Any CPU
		{B7C63AFF-5907-4329-9E01-3A20DBFCFF34}.Release|Any CPU.Build.0 = Release|Any CPU
	EndGlobalSection
	GlobalSection(SolutionProperties) = preSolution
		HideSolutionNode = FALSE
	EndGlobalSection
EndGlobal
