
Microsoft Visual Studio Solution File, Format Version 10.00
# Visual Studio 2008
Project("{FAE04EC0-301F-11D3-BF4B-00C04F79EFBC}") = "TabelaASCII", "TabelaASCII\TabelaASCII.csproj", "{3D2F4DD6-9DD9-4B6A-9686-09B5B397ECF0}"
EndProject
Global
	GlobalSection(SolutionConfigurationPlatforms) = preSolution
		Debug|Any CPU = Debug|Any CPU
		Release|Any CPU = Release|Any CPU
	EndGlobalSection
	GlobalSection(ProjectConfigurationPlatforms) = postSolution
		{3D2F4DD6-9DD9-4B6A-9686-09B5B397ECF0}.Debug|Any CPU.ActiveCfg = Debug|Any CPU
		{3D2F4DD6-9DD9-4B6A-9686-09B5B397ECF0}.Debug|Any CPU.Build.0 = Debug|Any CPU
		{3D2F4DD6-9DD9-4B6A-9686-09B5B397ECF0}.Release|Any CPU.ActiveCfg = Release|Any CPU
		{3D2F4DD6-9DD9-4B6A-9686-09B5B397ECF0}.Release|Any CPU.Build.0 = Release|Any CPU
	EndGlobalSection
	GlobalSection(SolutionProperties) = preSolution
		HideSolutionNode = FALSE
	EndGlobalSection
EndGlobal
